
Microsoft Visual Studio Solution File, Format Version 12.00
# Visual Studio Version 16
VisualStudioVersion = 16.0.31105.61
MinimumVisualStudioVersion = 10.0.40219.1
Project("{FAE04EC0-301F-11D3-BF4B-00C04F79EFBC}") = "Restaurant.Consola", "Restaurant.Consola\Restaurant.Consola.csproj", "{3C88DE27-BC61-4994-A886-867FB83AA8A3}"
EndProject
Project("{FAE04EC0-301F-11D3-BF4B-00C04F79EFBC}") = "Restaurant.Libreria", "Restaurant.Libreria\Restaurant.Libreria.csproj", "{F929AD1C-2E06-4312-B856-F7A9A596D282}"
EndProject
Global
	GlobalSection(SolutionConfigurationPlatforms) = preSolution
		Debug|Any CPU = Debug|Any CPU
		Release|Any CPU = Release|Any CPU
	EndGlobalSection
	GlobalSection(ProjectConfigurationPlatforms) = postSolution
		{3C88DE27-BC61-4994-A886-867FB83AA8A3}.Debug|Any CPU.ActiveCfg = Debug|Any CPU
		{3C88DE27-BC61-4994-A886-867FB83AA8A3}.Debug|Any CPU.Build.0 = Debug|Any CPU
		{3C88DE27-BC61-4994-A886-867FB83AA8A3}.Release|Any CPU.ActiveCfg = Release|Any CPU
		{3C88DE27-BC61-4994-A886-867FB83AA8A3}.Release|Any CPU.Build.0 = Release|Any CPU
		{F929AD1C-2E06-4312-B856-F7A9A596D282}.Debug|Any CPU.ActiveCfg = Debug|Any CPU
		{F929AD1C-2E06-4312-B856-F7A9A596D282}.Debug|Any CPU.Build.0 = Debug|Any CPU
		{F929AD1C-2E06-4312-B856-F7A9A596D282}.Release|Any CPU.ActiveCfg = Release|Any CPU
		{F929AD1C-2E06-4312-B856-F7A9A596D282}.Release|Any CPU.Build.0 = Release|Any CPU
	EndGlobalSection
	GlobalSection(SolutionProperties) = preSolution
		HideSolutionNode = FALSE
	EndGlobalSection
	GlobalSection(ExtensibilityGlobals) = postSolution
		SolutionGuid = {14C1E4D5-7362-407E-9B94-5F4437AB0E8F}
	EndGlobalSection
EndGlobal
